Microsoft Visual Studio Solution File, Format Version 10.00
# Visual C++ Express 2008
Project("{8BC9CEB8-8B4A-11D0-8D11-00A0C91BC942}") = "wwExample", "wwExample.vcproj", "{28C57AC2-4BF2-4A28-9637-EC52E2282CEB}"
	ProjectSection(ProjectDependencies) = postProject
		{894FD61A-7469-4C2D-A9F7-C026F3E458B5} = {894FD61A-7469-4C2D-A9F7-C026F3E458B5}
		{2A528448-DC07-42A7-BF07-E12CB130145C} = {2A528448-DC07-42A7-BF07-E12CB130145C}
		{18632F7A-290E-B902-7C03-72FB0C12DE45} = {18632F7A-290E-B902-7C03-72FB0C12DE45}
		{10639A91-28AE-4DEA-B2BA-7A6BC537F4CC} = {10639A91-28AE-4DEA-B2BA-7A6BC537F4CC}
		{9421E499-3AB1-47A0-B42A-A94FC5FF1C75} = {9421E499-3AB1-47A0-B42A-A94FC5FF1C75}
	EndProjectSection
EndProject
Project("{8BC9CEB8-8B4A-11D0-8D11-00A0C91BC942}") = "wWidgets", "ww\wWidgets.vcproj", "{18632F7A-290E-B902-7C03-72FB0C12DE45}"
	ProjectSection(ProjectDependencies) = postProject
		{894FD61A-7469-4C2D-A9F7-C026F3E458B5} = {894FD61A-7469-4C2D-A9F7-C026F3E458B5}
		{2A528448-DC07-42A7-BF07-E12CB130145C} = {2A528448-DC07-42A7-BF07-E12CB130145C}
	EndProjectSection
EndProject
Project("{8BC9CEB8-8B4A-11D0-8D11-00A0C91BC942}") = "yasli", "..\yasli\yasli\yasli.vcproj", "{894FD61A-7469-4C2D-A9F7-C026F3E458B5}"
EndProject
Project("{8BC9CEB8-8B4A-11D0-8D11-00A0C91BC942}") = "XMath", "XMath\XMath.vcproj", "{2A528448-DC07-42A7-BF07-E12CB130145C}"
	ProjectSection(ProjectDependencies) = postProject
		{894FD61A-7469-4C2D-A9F7-C026F3E458B5} = {894FD61A-7469-4C2D-A9F7-C026F3E458B5}
	EndProjectSection
EndProject
Project("{8BC9CEB8-8B4A-11D0-8D11-00A0C91BC942}") = "UnitTest++", "..\yasli\UnitTest++\UnitTest++.vsnet2008.vcproj", "{64A4FEFE-0461-4E95-8CC1-91EF5F57DBC6}"
EndProject
Project("{8BC9CEB8-8B4A-11D0-8D11-00A0C91BC942}") = "Test", "Test.vcproj", "{9421E499-3AB1-47A0-B42A-A94FC5FF1C75}"
	ProjectSection(ProjectDependencies) = postProject
		{18632F7A-290E-B902-7C03-72FB0C12DE45} = {18632F7A-290E-B902-7C03-72FB0C12DE45}
		{64A4FEFE-0461-4E95-8CC1-91EF5F57DBC6} = {64A4FEFE-0461-4E95-8CC1-91EF5F57DBC6}
	EndProjectSection
EndProject
Project("{8BC9CEB8-8B4A-11D0-8D11-00A0C91BC942}") = "wwTest", "wwTest.vcproj", "{10639A91-28AE-4DEA-B2BA-7A6BC537F4CC}"
	ProjectSection(ProjectDependencies) = postProject
		{894FD61A-7469-4C2D-A9F7-C026F3E458B5} = {894FD61A-7469-4C2D-A9F7-C026F3E458B5}
		{2A528448-DC07-42A7-BF07-E12CB130145C} = {2A528448-DC07-42A7-BF07-E12CB130145C}
		{18632F7A-290E-B902-7C03-72FB0C12DE45} = {18632F7A-290E-B902-7C03-72FB0C12DE45}
	EndProjectSection
EndProject
Global
	GlobalSection(SolutionConfigurationPlatforms) = preSolution
		Debug|Win32 = Debug|Win32
		DebugStatic|Win32 = DebugStatic|Win32
		Final|Win32 = Final|Win32
		Release|Win32 = Release|Win32
		ReleaseStatic|Win32 = ReleaseStatic|Win32
	EndGlobalSection
	GlobalSection(ProjectConfigurationPlatforms) = postSolution
		{28C57AC2-4BF2-4A28-9637-EC52E2282CEB}.Debug|Win32.ActiveCfg = DebugStatic|Win32
		{28C57AC2-4BF2-4A28-9637-EC52E2282CEB}.Debug|Win32.Build.0 = DebugStatic|Win32
		{28C57AC2-4BF2-4A28-9637-EC52E2282CEB}.DebugStatic|Win32.ActiveCfg = DebugStatic|Win32
		{28C57AC2-4BF2-4A28-9637-EC52E2282CEB}.DebugStatic|Win32.Build.0 = DebugStatic|Win32
		{28C57AC2-4BF2-4A28-9637-EC52E2282CEB}.Final|Win32.ActiveCfg = ReleaseStatic|Win32
		{28C57AC2-4BF2-4A28-9637-EC52E2282CEB}.Final|Win32.Build.0 = ReleaseStatic|Win32
		{28C57AC2-4BF2-4A28-9637-EC52E2282CEB}.Release|Win32.ActiveCfg = ReleaseStatic|Win32
		{28C57AC2-4BF2-4A28-9637-EC52E2282CEB}.Release|Win32.Build.0 = ReleaseStatic|Win32
		{28C57AC2-4BF2-4A28-9637-EC52E2282CEB}.ReleaseStatic|Win32.ActiveCfg = ReleaseStatic|Win32
		{28C57AC2-4BF2-4A28-9637-EC52E2282CEB}.ReleaseStatic|Win32.Build.0 = ReleaseStatic|Win32
		{18632F7A-290E-B902-7C03-72FB0C12DE45}.Debug|Win32.ActiveCfg = DebugStatic|Win32
		{18632F7A-290E-B902-7C03-72FB0C12DE45}.Debug|Win32.Build.0 = DebugStatic|Win32
		{18632F7A-290E-B902-7C03-72FB0C12DE45}.DebugStatic|Win32.ActiveCfg = DebugStatic|Win32
		{18632F7A-290E-B902-7C03-72FB0C12DE45}.DebugStatic|Win32.Build.0 = DebugStatic|Win32
		{18632F7A-290E-B902-7C03-72FB0C12DE45}.Final|Win32.ActiveCfg = ReleaseStatic|Win32
		{18632F7A-290E-B902-7C03-72FB0C12DE45}.Final|Win32.Build.0 = ReleaseStatic|Win32
		{18632F7A-290E-B902-7C03-72FB0C12DE45}.Release|Win32.ActiveCfg = ReleaseStatic|Win32
		{18632F7A-290E-B902-7C03-72FB0C12DE45}.Release|Win32.Build.0 = ReleaseStatic|Win32
		{18632F7A-290E-B902-7C03-72FB0C12DE45}.ReleaseStatic|Win32.ActiveCfg = ReleaseStatic|Win32
		{18632F7A-290E-B902-7C03-72FB0C12DE45}.ReleaseStatic|Win32.Build.0 = ReleaseStatic|Win32
		{894FD61A-7469-4C2D-A9F7-C026F3E458B5}.Debug|Win32.ActiveCfg = DebugStatic|Win32
		{894FD61A-7469-4C2D-A9F7-C026F3E458B5}.Debug|Win32.Build.0 = DebugStatic|Win32
		{894FD61A-7469-4C2D-A9F7-C026F3E458B5}.DebugStatic|Win32.ActiveCfg = DebugStatic|Win32
		{894FD61A-7469-4C2D-A9F7-C026F3E458B5}.DebugStatic|Win32.Build.0 = DebugStatic|Win32
		{894FD61A-7469-4C2D-A9F7-C026F3E458B5}.Final|Win32.ActiveCfg = ReleaseStatic|Win32
		{894FD61A-7469-4C2D-A9F7-C026F3E458B5}.Final|Win32.Build.0 = ReleaseStatic|Win32
		{894FD61A-7469-4C2D-A9F7-C026F3E458B5}.Release|Win32.ActiveCfg = ReleaseStatic|Win32
		{894FD61A-7469-4C2D-A9F7-C026F3E458B5}.Release|Win32.Build.0 = ReleaseStatic|Win32
		{894FD61A-7469-4C2D-A9F7-C026F3E458B5}.ReleaseStatic|Win32.ActiveCfg = ReleaseStatic|Win32
		{894FD61A-7469-4C2D-A9F7-C026F3E458B5}.ReleaseStatic|Win32.Build.0 = ReleaseStatic|Win32
		{2A528448-DC07-42A7-BF07-E12CB130145C}.Debug|Win32.ActiveCfg = Debug|Win32
		{2A528448-DC07-42A7-BF07-E12CB130145C}.Debug|Win32.Build.0 = Debug|Win32
		{2A528448-DC07-42A7-BF07-E12CB130145C}.DebugStatic|Win32.ActiveCfg = Debug|Win32
		{2A528448-DC07-42A7-BF07-E12CB130145C}.DebugStatic|Win32.Build.0 = Debug|Win32
		{2A528448-DC07-42A7-BF07-E12CB130145C}.Final|Win32.ActiveCfg = Release|Win32
		{2A528448-DC07-42A7-BF07-E12CB130145C}.Final|Win32.Build.0 = Release|Win32
		{2A528448-DC07-42A7-BF07-E12CB130145C}.Release|Win32.ActiveCfg = Release|Win32
		{2A528448-DC07-42A7-BF07-E12CB130145C}.Release|Win32.Build.0 = Release|Win32
		{2A528448-DC07-42A7-BF07-E12CB130145C}.ReleaseStatic|Win32.ActiveCfg = Release|Win32
		{2A528448-DC07-42A7-BF07-E12CB130145C}.ReleaseStatic|Win32.Build.0 = Release|Win32
		{64A4FEFE-0461-4E95-8CC1-91EF5F57DBC6}.Debug|Win32.ActiveCfg = Debug|Win32
		{64A4FEFE-0461-4E95-8CC1-91EF5F57DBC6}.Debug|Win32.Build.0 = Debug|Win32
		{64A4FEFE-0461-4E95-8CC1-91EF5F57DBC6}.DebugStatic|Win32.ActiveCfg = Debug|Win32
		{64A4FEFE-0461-4E95-8CC1-91EF5F57DBC6}.DebugStatic|Win32.Build.0 = Debug|Win32
		{64A4FEFE-0461-4E95-8CC1-91EF5F57DBC6}.Final|Win32.ActiveCfg = Release|Win32
		{64A4FEFE-0461-4E95-8CC1-91EF5F57DBC6}.Final|Win32.Build.0 = Release|Win32
		{64A4FEFE-0461-4E95-8CC1-91EF5F57DBC6}.Release|Win32.ActiveCfg = Release|Win32
		{64A4FEFE-0461-4E95-8CC1-91EF5F57DBC6}.Release|Win32.Build.0 = Release|Win32
		{64A4FEFE-0461-4E95-8CC1-91EF5F57DBC6}.ReleaseStatic|Win32.ActiveCfg = Release|Win32
		{64A4FEFE-0461-4E95-8CC1-91EF5F57DBC6}.ReleaseStatic|Win32.Build.0 = Release|Win32
		{9421E499-3AB1-47A0-B42A-A94FC5FF1C75}.Debug|Win32.ActiveCfg = Debug|Win32
		{9421E499-3AB1-47A0-B42A-A94FC5FF1C75}.Debug|Win32.Build.0 = Debug|Win32
		{9421E499-3AB1-47A0-B42A-A94FC5FF1C75}.DebugStatic|Win32.ActiveCfg = Debug|Win32
		{9421E499-3AB1-47A0-B42A-A94FC5FF1C75}.DebugStatic|Win32.Build.0 = Debug|Win32
		{9421E499-3AB1-47A0-B42A-A94FC5FF1C75}.Final|Win32.ActiveCfg = Release|Win32
		{9421E499-3AB1-47A0-B42A-A94FC5FF1C75}.Final|Win32.Build.0 = Release|Win32
		{9421E499-3AB1-47A0-B42A-A94FC5FF1C75}.Release|Win32.ActiveCfg = Release|Win32
		{9421E499-3AB1-47A0-B42A-A94FC5FF1C75}.Release|Win32.Build.0 = Release|Win32
		{9421E499-3AB1-47A0-B42A-A94FC5FF1C75}.ReleaseStatic|Win32.ActiveCfg = Release|Win32
		{9421E499-3AB1-47A0-B42A-A94FC5FF1C75}.ReleaseStatic|Win32.Build.0 = Release|Win32
		{10639A91-28AE-4DEA-B2BA-7A6BC537F4CC}.Debug|Win32.ActiveCfg = Debug|Win32
		{10639A91-28AE-4DEA-B2BA-7A6BC537F4CC}.Debug|Win32.Build.0 = Debug|Win32
		{10639A91-28AE-4DEA-B2BA-7A6BC537F4CC}.DebugStatic|Win32.ActiveCfg = DebugStatic|Win32
		{10639A91-28AE-4DEA-B2BA-7A6BC537F4CC}.DebugStatic|Win32.Build.0 = DebugStatic|Win32
		{10639A91-28AE-4DEA-B2BA-7A6BC537F4CC}.Final|Win32.ActiveCfg = DebugStatic|Win32
		{10639A91-28AE-4DEA-B2BA-7A6BC537F4CC}.Final|Win32.Build.0 = DebugStatic|Win32
		{10639A91-28AE-4DEA-B2BA-7A6BC537F4CC}.Release|Win32.ActiveCfg = ReleaseStatic|Win32
		{10639A91-28AE-4DEA-B2BA-7A6BC537F4CC}.Release|Win32.Build.0 = ReleaseStatic|Win32
		{10639A91-28AE-4DEA-B2BA-7A6BC537F4CC}.ReleaseStatic|Win32.ActiveCfg = ReleaseStatic|Win32
		{10639A91-28AE-4DEA-B2BA-7A6BC537F4CC}.ReleaseStatic|Win32.Build.0 = ReleaseStatic|Win32
	EndGlobalSection
	GlobalSection(SolutionProperties) = preSolution
		HideSolutionNode = FALSE
	EndGlobalSection
EndGlobal
