<?xml version="1.0" encoding="utf-8"?>
<Project ToolsVersion="4.0" xmlns="http://schemas.microsoft.com/developer/msbuild/2003">
  <ItemGroup>
    <ClCompile Include="main.cpp" />
    <ClCompile Include="TestData.cpp" />
  </ItemGroup>
  <ItemGroup>
    <ClInclude Include="resource1.h" />
    <ClInclude Include="Resource.h" />
    <ClInclude Include="TestData.h" />
  </ItemGroup>
  <ItemGroup>
    <Manifest Include="ww-test.exe.manifest" />
  </ItemGroup>
  <ItemGroup>
    <ResourceCompile Include="ww-test.rc" />
  </ItemGroup>
</Project>